
Microsoft Visual Studio Solution File, Format Version 12.00
# Visual Studio 15
VisualStudioVersion = 15.0.28307.168
MinimumVisualStudioVersion = 10.0.40219.1
Project("{9092AA53-FB77-4645-B42D-1CCCA6BD08BD}") = "NodejsConsoleApp4", "NodejsConsoleApp4\NodejsConsoleApp4.njsproj", "{E7697522-252D-433A-AB79-3F0DC63FFE82}"
EndProject
Global
	GlobalSection(SolutionConfigurationPlatforms) = preSolution
		Debug|Any CPU = Debug|Any CPU
		Release|Any CPU = Release|Any CPU
	EndGlobalSection
	GlobalSection(ProjectConfigurationPlatforms) = postSolution
		{E7697522-252D-433A-AB79-3F0DC63FFE82}.Debug|Any CPU.ActiveCfg = Debug|Any CPU
		{E7697522-252D-433A-AB79-3F0DC63FFE82}.Debug|Any CPU.Build.0 = Debug|Any CPU
		{E7697522-252D-433A-AB79-3F0DC63FFE82}.Release|Any CPU.ActiveCfg = Release|Any CPU
		{E7697522-252D-433A-AB79-3F0DC63FFE82}.Release|Any CPU.Build.0 = Release|Any CPU
	EndGlobalSection
	GlobalSection(SolutionProperties) = preSolution
		HideSolutionNode = FALSE
	EndGlobalSection
	GlobalSection(ExtensibilityGlobals) = postSolution
		SolutionGuid = {8AD570FD-BD7A-4157-B525-99D15CCF4290}
	EndGlobalSection
EndGlobal
